
Microsoft Visual Studio Solution File, Format Version 12.00
# Visual Studio 14
VisualStudioVersion = 14.0.25420.1
MinimumVisualStudioVersion = 10.0.40219.1
Project("{FAE04EC0-301F-11D3-BF4B-00C04F79EFBC}") = "Project_Course_01", "Project_Course_01\Project_Course_01.csproj", "{00822E1B-C1D9-4CAB-B8A8-82A890FFD95A}"
EndProject
Global
	GlobalSection(SolutionConfigurationPlatforms) = preSolution
		Debug|Any CPU = Debug|Any CPU
		Release|Any CPU = Release|Any CPU
	EndGlobalSection
	GlobalSection(ProjectConfigurationPlatforms) = postSolution
		{00822E1B-C1D9-4CAB-B8A8-82A890FFD95A}.Debug|Any CPU.ActiveCfg = Debug|Any CPU
		{00822E1B-C1D9-4CAB-B8A8-82A890FFD95A}.Debug|Any CPU.Build.0 = Debug|Any CPU
		{00822E1B-C1D9-4CAB-B8A8-82A890FFD95A}.Release|Any CPU.ActiveCfg = Release|Any CPU
		{00822E1B-C1D9-4CAB-B8A8-82A890FFD95A}.Release|Any CPU.Build.0 = Release|Any CPU
	EndGlobalSection
	GlobalSection(SolutionProperties) = preSolution
		HideSolutionNode = FALSE
	EndGlobalSection
EndGlobal
